Microsoft Visual Studio Solution File, Format Version 12.00
# Visual Studio Version 17
VisualStudioVersion = 17.5.2.0
MinimumVisualStudioVersion = 10.0.40219.1
Project("{FAE04EC0-301F-11D3-BF4B-00C04F79EFBC}") = "opdracht2", "opdracht2.csproj", "{01FFAF92-ED53-537D-BCE7-5544543F3CEF}"
EndProject
Global
	GlobalSection(SolutionConfigurationPlatforms) = preSolution
		Debug|Any CPU = Debug|Any CPU
		Release|Any CPU = Release|Any CPU
	EndGlobalSection
	GlobalSection(ProjectConfigurationPlatforms) = postSolution
		{01FFAF92-ED53-537D-BCE7-5544543F3CEF}.Debug|Any CPU.ActiveCfg = Debug|Any CPU
		{01FFAF92-ED53-537D-BCE7-5544543F3CEF}.Debug|Any CPU.Build.0 = Debug|Any CPU
		{01FFAF92-ED53-537D-BCE7-5544543F3CEF}.Release|Any CPU.ActiveCfg = Release|Any CPU
		{01FFAF92-ED53-537D-BCE7-5544543F3CEF}.Release|Any CPU.Build.0 = Release|Any CPU
	EndGlobalSection
	GlobalSection(SolutionProperties) = preSolution
		HideSolutionNode = FALSE
	EndGlobalSection
	GlobalSection(ExtensibilityGlobals) = postSolution
		SolutionGuid = {38391B3F-6A60-4084-96C3-8F1D39A13C65}
	EndGlobalSection
EndGlobal
