Microsoft Visual Studio Solution File, Format Version 12.00
# Visual Studio Version 17
VisualStudioVersion = 17.5.2.0
MinimumVisualStudioVersion = 10.0.40219.1
Project("{FAE04EC0-301F-11D3-BF4B-00C04F79EFBC}") = "mssql test", "mssql test.csproj", "{65F69033-D3B2-1D73-39CC-A6A1CD09B63D}"
EndProject
Global
	GlobalSection(SolutionConfigurationPlatforms) = preSolution
		Debug|Any CPU = Debug|Any CPU
		Release|Any CPU = Release|Any CPU
	EndGlobalSection
	GlobalSection(ProjectConfigurationPlatforms) = postSolution
		{65F69033-D3B2-1D73-39CC-A6A1CD09B63D}.Debug|Any CPU.ActiveCfg = Debug|Any CPU
		{65F69033-D3B2-1D73-39CC-A6A1CD09B63D}.Debug|Any CPU.Build.0 = Debug|Any CPU
		{65F69033-D3B2-1D73-39CC-A6A1CD09B63D}.Release|Any CPU.ActiveCfg = Release|Any CPU
		{65F69033-D3B2-1D73-39CC-A6A1CD09B63D}.Release|Any CPU.Build.0 = Release|Any CPU
	EndGlobalSection
	GlobalSection(SolutionProperties) = preSolution
		HideSolutionNode = FALSE
	EndGlobalSection
	GlobalSection(ExtensibilityGlobals) = postSolution
		SolutionGuid = {E9CA0D65-404B-4A96-8C61-FC6BCDCE68FC}
	EndGlobalSection
EndGlobal
