
Microsoft Visual Studio Solution File, Format Version 12.00
# Visual Studio Version 17
VisualStudioVersion = 17.0.31903.59
MinimumVisualStudioVersion = 10.0.40219.1
Project("{FAE04EC0-301F-11D3-BF4B-00C04F79EFBC}") = "VerbeterCode", "VerbeterCode\VerbeterCode.csproj", "{007E9C56-D69F-4418-9811-386692F845B5}"
EndProject
Project("{FAE04EC0-301F-11D3-BF4B-00C04F79EFBC}") = "Lootjes_Generator", "Lootjes_Generator\Lootjes_Generator.csproj", "{075B28D2-A113-4135-B3FE-05613313FC53}"
EndProject
Project("{FAE04EC0-301F-11D3-BF4B-00C04F79EFBC}") = "GGD", "GGD\GGD.csproj", "{BB6176C2-CE64-41A7-8B02-C0C17A9C3680}"
EndProject
Project("{FAE04EC0-301F-11D3-BF4B-00C04F79EFBC}") = "checkwords", "checkwords\checkwords.csproj", "{65CEFD6A-2D6B-4ED0-B8AB-AB49E60286F0}"
EndProject
Global
	GlobalSection(SolutionConfigurationPlatforms) = preSolution
		Debug|Any CPU = Debug|Any CPU
		Debug|x64 = Debug|x64
		Debug|x86 = Debug|x86
		Release|Any CPU = Release|Any CPU
		Release|x64 = Release|x64
		Release|x86 = Release|x86
	EndGlobalSection
	GlobalSection(ProjectConfigurationPlatforms) = postSolution
		{007E9C56-D69F-4418-9811-386692F845B5}.Debug|Any CPU.ActiveCfg = Debug|Any CPU
		{007E9C56-D69F-4418-9811-386692F845B5}.Debug|Any CPU.Build.0 = Debug|Any CPU
		{007E9C56-D69F-4418-9811-386692F845B5}.Debug|x64.ActiveCfg = Debug|Any CPU
		{007E9C56-D69F-4418-9811-386692F845B5}.Debug|x64.Build.0 = Debug|Any CPU
		{007E9C56-D69F-4418-9811-386692F845B5}.Debug|x86.ActiveCfg = Debug|Any CPU
		{007E9C56-D69F-4418-9811-386692F845B5}.Debug|x86.Build.0 = Debug|Any CPU
		{007E9C56-D69F-4418-9811-386692F845B5}.Release|Any CPU.ActiveCfg = Release|Any CPU
		{007E9C56-D69F-4418-9811-386692F845B5}.Release|Any CPU.Build.0 = Release|Any CPU
		{007E9C56-D69F-4418-9811-386692F845B5}.Release|x64.ActiveCfg = Release|Any CPU
		{007E9C56-D69F-4418-9811-386692F845B5}.Release|x64.Build.0 = Release|Any CPU
		{007E9C56-D69F-4418-9811-386692F845B5}.Release|x86.ActiveCfg = Release|Any CPU
		{007E9C56-D69F-4418-9811-386692F845B5}.Release|x86.Build.0 = Release|Any CPU
		{075B28D2-A113-4135-B3FE-05613313FC53}.Debug|Any CPU.ActiveCfg = Debug|Any CPU
		{075B28D2-A113-4135-B3FE-05613313FC53}.Debug|Any CPU.Build.0 = Debug|Any CPU
		{075B28D2-A113-4135-B3FE-05613313FC53}.Debug|x64.ActiveCfg = Debug|Any CPU
		{075B28D2-A113-4135-B3FE-05613313FC53}.Debug|x64.Build.0 = Debug|Any CPU
		{075B28D2-A113-4135-B3FE-05613313FC53}.Debug|x86.ActiveCfg = Debug|Any CPU
		{075B28D2-A113-4135-B3FE-05613313FC53}.Debug|x86.Build.0 = Debug|Any CPU
		{075B28D2-A113-4135-B3FE-05613313FC53}.Release|Any CPU.ActiveCfg = Release|Any CPU
		{075B28D2-A113-4135-B3FE-05613313FC53}.Release|Any CPU.Build.0 = Release|Any CPU
		{075B28D2-A113-4135-B3FE-05613313FC53}.Release|x64.ActiveCfg = Release|Any CPU
		{075B28D2-A113-4135-B3FE-05613313FC53}.Release|x64.Build.0 = Release|Any CPU
		{075B28D2-A113-4135-B3FE-05613313FC53}.Release|x86.ActiveCfg = Release|Any CPU
		{075B28D2-A113-4135-B3FE-05613313FC53}.Release|x86.Build.0 = Release|Any CPU
		{BB6176C2-CE64-41A7-8B02-C0C17A9C3680}.Debug|Any CPU.ActiveCfg = Debug|Any CPU
		{BB6176C2-CE64-41A7-8B02-C0C17A9C3680}.Debug|Any CPU.Build.0 = Debug|Any CPU
		{BB6176C2-CE64-41A7-8B02-C0C17A9C3680}.Debug|x64.ActiveCfg = Debug|Any CPU
		{BB6176C2-CE64-41A7-8B02-C0C17A9C3680}.Debug|x64.Build.0 = Debug|Any CPU
		{BB6176C2-CE64-41A7-8B02-C0C17A9C3680}.Debug|x86.ActiveCfg = Debug|Any CPU
		{BB6176C2-CE64-41A7-8B02-C0C17A9C3680}.Debug|x86.Build.0 = Debug|Any CPU
		{BB6176C2-CE64-41A7-8B02-C0C17A9C3680}.Release|Any CPU.ActiveCfg = Release|Any CPU
		{BB6176C2-CE64-41A7-8B02-C0C17A9C3680}.Release|Any CPU.Build.0 = Release|Any CPU
		{BB6176C2-CE64-41A7-8B02-C0C17A9C3680}.Release|x64.ActiveCfg = Release|Any CPU
		{BB6176C2-CE64-41A7-8B02-C0C17A9C3680}.Release|x64.Build.0 = Release|Any CPU
		{BB6176C2-CE64-41A7-8B02-C0C17A9C3680}.Release|x86.ActiveCfg = Release|Any CPU
		{BB6176C2-CE64-41A7-8B02-C0C17A9C3680}.Release|x86.Build.0 = Release|Any CPU
		{65CEFD6A-2D6B-4ED0-B8AB-AB49E60286F0}.Debug|Any CPU.ActiveCfg = Debug|Any CPU
		{65CEFD6A-2D6B-4ED0-B8AB-AB49E60286F0}.Debug|Any CPU.Build.0 = Debug|Any CPU
		{65CEFD6A-2D6B-4ED0-B8AB-AB49E60286F0}.Debug|x64.ActiveCfg = Debug|Any CPU
		{65CEFD6A-2D6B-4ED0-B8AB-AB49E60286F0}.Debug|x64.Build.0 = Debug|Any CPU
		{65CEFD6A-2D6B-4ED0-B8AB-AB49E60286F0}.Debug|x86.ActiveCfg = Debug|Any CPU
		{65CEFD6A-2D6B-4ED0-B8AB-AB49E60286F0}.Debug|x86.Build.0 = Debug|Any CPU
		{65CEFD6A-2D6B-4ED0-B8AB-AB49E60286F0}.Release|Any CPU.ActiveCfg = Release|Any CPU
		{65CEFD6A-2D6B-4ED0-B8AB-AB49E60286F0}.Release|Any CPU.Build.0 = Release|Any CPU
		{65CEFD6A-2D6B-4ED0-B8AB-AB49E60286F0}.Release|x64.ActiveCfg = Release|Any CPU
		{65CEFD6A-2D6B-4ED0-B8AB-AB49E60286F0}.Release|x64.Build.0 = Release|Any CPU
		{65CEFD6A-2D6B-4ED0-B8AB-AB49E60286F0}.Release|x86.ActiveCfg = Release|Any CPU
		{65CEFD6A-2D6B-4ED0-B8AB-AB49E60286F0}.Release|x86.Build.0 = Release|Any CPU
	EndGlobalSection
	GlobalSection(SolutionProperties) = preSolution
		HideSolutionNode = FALSE
	EndGlobalSection
EndGlobal
